
Microsoft Visual Studio Solution File, Format Version 12.00
# Visual Studio Version 17
VisualStudioVersion = 17.0.31903.59
MinimumVisualStudioVersion = 10.0.40219.1
Project("{FAE04EC0-301F-11D3-BF4B-00C04F79EFBC}") = "BookingCareManagement", "src\BookingCareManagement.Web\BookingCareManagement.csproj", "{CC8FB06A-75C9-4B51-B15F-A029839C1331}"
EndProject
Project("{2150E333-8FDC-42A3-9474-1A3956D46DE8}") = "src", "src", "{827E0CD3-B72D-47B6-A68D-7590B98EB39B}"
EndProject
Project("{FAE04EC0-301F-11D3-BF4B-00C04F79EFBC}") = "BookingCareManagement.Application", "src\BookingCareManagement.Application\BookingCareManagement.Application.csproj", "{46B9B5E3-CE87-44C7-8D55-C32C48162A75}"
EndProject
Project("{FAE04EC0-301F-11D3-BF4B-00C04F79EFBC}") = "BookingCareManagement.Domain", "src\BookingCareManagement.Domain\BookingCareManagement.Domain.csproj", "{9862A99C-ED80-41DF-A7DE-F477C0D49DEB}"
EndProject
Project("{FAE04EC0-301F-11D3-BF4B-00C04F79EFBC}") = "BookingCareManagement.Infrastructure", "src\BookingCareManagement.Infrastructure\BookingCareManagement.Infrastructure.csproj", "{9482690C-F37A-4A30-8FFD-0B02C1CA855C}"
EndProject
Global
	GlobalSection(SolutionConfigurationPlatforms) = preSolution
		Debug|Any CPU = Debug|Any CPU
		Debug|x64 = Debug|x64
		Debug|x86 = Debug|x86
		Release|Any CPU = Release|Any CPU
		Release|x64 = Release|x64
		Release|x86 = Release|x86
	EndGlobalSection
	GlobalSection(ProjectConfigurationPlatforms) = postSolution
		{CC8FB06A-75C9-4B51-B15F-A029839C1331}.Debug|Any CPU.ActiveCfg = Debug|Any CPU
		{CC8FB06A-75C9-4B51-B15F-A029839C1331}.Debug|Any CPU.Build.0 = Debug|Any CPU
		{CC8FB06A-75C9-4B51-B15F-A029839C1331}.Debug|x64.ActiveCfg = Debug|Any CPU
		{CC8FB06A-75C9-4B51-B15F-A029839C1331}.Debug|x64.Build.0 = Debug|Any CPU
		{CC8FB06A-75C9-4B51-B15F-A029839C1331}.Debug|x86.ActiveCfg = Debug|Any CPU
		{CC8FB06A-75C9-4B51-B15F-A029839C1331}.Debug|x86.Build.0 = Debug|Any CPU
		{CC8FB06A-75C9-4B51-B15F-A029839C1331}.Release|Any CPU.ActiveCfg = Release|Any CPU
		{CC8FB06A-75C9-4B51-B15F-A029839C1331}.Release|Any CPU.Build.0 = Release|Any CPU
		{CC8FB06A-75C9-4B51-B15F-A029839C1331}.Release|x64.ActiveCfg = Release|Any CPU
		{CC8FB06A-75C9-4B51-B15F-A029839C1331}.Release|x64.Build.0 = Release|Any CPU
		{CC8FB06A-75C9-4B51-B15F-A029839C1331}.Release|x86.ActiveCfg = Release|Any CPU
		{CC8FB06A-75C9-4B51-B15F-A029839C1331}.Release|x86.Build.0 = Release|Any CPU
		{46B9B5E3-CE87-44C7-8D55-C32C48162A75}.Debug|Any CPU.ActiveCfg = Debug|Any CPU
		{46B9B5E3-CE87-44C7-8D55-C32C48162A75}.Debug|Any CPU.Build.0 = Debug|Any CPU
		{46B9B5E3-CE87-44C7-8D55-C32C48162A75}.Debug|x64.ActiveCfg = Debug|Any CPU
		{46B9B5E3-CE87-44C7-8D55-C32C48162A75}.Debug|x64.Build.0 = Debug|Any CPU
		{46B9B5E3-CE87-44C7-8D55-C32C48162A75}.Debug|x86.ActiveCfg = Debug|Any CPU
		{46B9B5E3-CE87-44C7-8D55-C32C48162A75}.Debug|x86.Build.0 = Debug|Any CPU
		{46B9B5E3-CE87-44C7-8D55-C32C48162A75}.Release|Any CPU.ActiveCfg = Release|Any CPU
		{46B9B5E3-CE87-44C7-8D55-C32C48162A75}.Release|Any CPU.Build.0 = Release|Any CPU
		{46B9B5E3-CE87-44C7-8D55-C32C48162A75}.Release|x64.ActiveCfg = Release|Any CPU
		{46B9B5E3-CE87-44C7-8D55-C32C48162A75}.Release|x64.Build.0 = Release|Any CPU
		{46B9B5E3-CE87-44C7-8D55-C32C48162A75}.Release|x86.ActiveCfg = Release|Any CPU
		{46B9B5E3-CE87-44C7-8D55-C32C48162A75}.Release|x86.Build.0 = Release|Any CPU
		{9862A99C-ED80-41DF-A7DE-F477C0D49DEB}.Debug|Any CPU.ActiveCfg = Debug|Any CPU
		{9862A99C-ED80-41DF-A7DE-F477C0D49DEB}.Debug|Any CPU.Build.0 = Debug|Any CPU
		{9862A99C-ED80-41DF-A7DE-F477C0D49DEB}.Debug|x64.ActiveCfg = Debug|Any CPU
		{9862A99C-ED80-41DF-A7DE-F477C0D49DEB}.Debug|x64.Build.0 = Debug|Any CPU
		{9862A99C-ED80-41DF-A7DE-F477C0D49DEB}.Debug|x86.ActiveCfg = Debug|Any CPU
		{9862A99C-ED80-41DF-A7DE-F477C0D49DEB}.Debug|x86.Build.0 = Debug|Any CPU
		{9862A99C-ED80-41DF-A7DE-F477C0D49DEB}.Release|Any CPU.ActiveCfg = Release|Any CPU
		{9862A99C-ED80-41DF-A7DE-F477C0D49DEB}.Release|Any CPU.Build.0 = Release|Any CPU
		{9862A99C-ED80-41DF-A7DE-F477C0D49DEB}.Release|x64.ActiveCfg = Release|Any CPU
		{9862A99C-ED80-41DF-A7DE-F477C0D49DEB}.Release|x64.Build.0 = Release|Any CPU
		{9862A99C-ED80-41DF-A7DE-F477C0D49DEB}.Release|x86.ActiveCfg = Release|Any CPU
		{9862A99C-ED80-41DF-A7DE-F477C0D49DEB}.Release|x86.Build.0 = Release|Any CPU
		{9482690C-F37A-4A30-8FFD-0B02C1CA855C}.Debug|Any CPU.ActiveCfg = Debug|Any CPU
		{9482690C-F37A-4A30-8FFD-0B02C1CA855C}.Debug|Any CPU.Build.0 = Debug|Any CPU
		{9482690C-F37A-4A30-8FFD-0B02C1CA855C}.Debug|x64.ActiveCfg = Debug|Any CPU
		{9482690C-F37A-4A30-8FFD-0B02C1CA855C}.Debug|x64.Build.0 = Debug|Any CPU
		{9482690C-F37A-4A30-8FFD-0B02C1CA855C}.Debug|x86.ActiveCfg = Debug|Any CPU
		{9482690C-F37A-4A30-8FFD-0B02C1CA855C}.Debug|x86.Build.0 = Debug|Any CPU
		{9482690C-F37A-4A30-8FFD-0B02C1CA855C}.Release|Any CPU.ActiveCfg = Release|Any CPU
		{9482690C-F37A-4A30-8FFD-0B02C1CA855C}.Release|Any CPU.Build.0 = Release|Any CPU
		{9482690C-F37A-4A30-8FFD-0B02C1CA855C}.Release|x64.ActiveCfg = Release|Any CPU
		{9482690C-F37A-4A30-8FFD-0B02C1CA855C}.Release|x64.Build.0 = Release|Any CPU
		{9482690C-F37A-4A30-8FFD-0B02C1CA855C}.Release|x86.ActiveCfg = Release|Any CPU
		{9482690C-F37A-4A30-8FFD-0B02C1CA855C}.Release|x86.Build.0 = Release|Any CPU
	EndGlobalSection
	GlobalSection(SolutionProperties) = preSolution
		HideSolutionNode = FALSE
	EndGlobalSection
	GlobalSection(NestedProjects) = preSolution
		{46B9B5E3-CE87-44C7-8D55-C32C48162A75} = {827E0CD3-B72D-47B6-A68D-7590B98EB39B}
		{9862A99C-ED80-41DF-A7DE-F477C0D49DEB} = {827E0CD3-B72D-47B6-A68D-7590B98EB39B}
		{9482690C-F37A-4A30-8FFD-0B02C1CA855C} = {827E0CD3-B72D-47B6-A68D-7590B98EB39B}
	EndGlobalSection
	GlobalSection(ExtensibilityGlobals) = postSolution
		SolutionGuid = {C516D114-F89C-415E-8B5F-365FECD572D2}
	EndGlobalSection
EndGlobal
